
Microsoft Visual Studio Solution File, Format Version 12.00
# Visual Studio Version 16
VisualStudioVersion = 16.0.30413.136
MinimumVisualStudioVersion = 10.0.40219.1
Project("{FAE04EC0-301F-11D3-BF4B-00C04F79EFBC}") = "Paevaplaan.Android", "Paevaplaan\Paevaplaan.Android\Paevaplaan.Android.csproj", "{BD0D9DE7-313A-4441-A6C3-061B07C51050}"
EndProject
Project("{FAE04EC0-301F-11D3-BF4B-00C04F79EFBC}") = "Paevaplaan.iOS", "Paevaplaan\Paevaplaan.iOS\Paevaplaan.iOS.csproj", "{44A6F943-6CE4-4EA9-A69A-998C7C21EB85}"
EndProject
Project("{FAE04EC0-301F-11D3-BF4B-00C04F79EFBC}") = "Paevaplaan", "Paevaplaan\Paevaplaan\Paevaplaan.csproj", "{5DE57DB1-5DB2-4EED-BF22-BDE40CDA6EDD}"
EndProject
Global
	GlobalSection(SolutionConfigurationPlatforms) = preSolution
		Debug|Any CPU = Debug|Any CPU
		Debug|iPhone = Debug|iPhone
		Debug|iPhoneSimulator = Debug|iPhoneSimulator
		Release|Any CPU = Release|Any CPU
		Release|iPhone = Release|iPhone
		Release|iPhoneSimulator = Release|iPhoneSimulator
	EndGlobalSection
	GlobalSection(ProjectConfigurationPlatforms) = postSolution
		{BD0D9DE7-313A-4441-A6C3-061B07C51050}.Debug|Any CPU.ActiveCfg = Debug|Any CPU
		{BD0D9DE7-313A-4441-A6C3-061B07C51050}.Debug|Any CPU.Build.0 = Debug|Any CPU
		{BD0D9DE7-313A-4441-A6C3-061B07C51050}.Debug|Any CPU.Deploy.0 = Debug|Any CPU
		{BD0D9DE7-313A-4441-A6C3-061B07C51050}.Debug|iPhone.ActiveCfg = Debug|Any CPU
		{BD0D9DE7-313A-4441-A6C3-061B07C51050}.Debug|iPhone.Build.0 = Debug|Any CPU
		{BD0D9DE7-313A-4441-A6C3-061B07C51050}.Debug|iPhone.Deploy.0 = Debug|Any CPU
		{BD0D9DE7-313A-4441-A6C3-061B07C51050}.Debug|iPhoneSimulator.ActiveCfg = Debug|Any CPU
		{BD0D9DE7-313A-4441-A6C3-061B07C51050}.Debug|iPhoneSimulator.Build.0 = Debug|Any CPU
		{BD0D9DE7-313A-4441-A6C3-061B07C51050}.Debug|iPhoneSimulator.Deploy.0 = Debug|Any CPU
		{BD0D9DE7-313A-4441-A6C3-061B07C51050}.Release|Any CPU.ActiveCfg = Release|Any CPU
		{BD0D9DE7-313A-4441-A6C3-061B07C51050}.Release|Any CPU.Build.0 = Release|Any CPU
		{BD0D9DE7-313A-4441-A6C3-061B07C51050}.Release|Any CPU.Deploy.0 = Release|Any CPU
		{BD0D9DE7-313A-4441-A6C3-061B07C51050}.Release|iPhone.ActiveCfg = Release|Any CPU
		{BD0D9DE7-313A-4441-A6C3-061B07C51050}.Release|iPhone.Build.0 = Release|Any CPU
		{BD0D9DE7-313A-4441-A6C3-061B07C51050}.Release|iPhone.Deploy.0 = Release|Any CPU
		{BD0D9DE7-313A-4441-A6C3-061B07C51050}.Release|iPhoneSimulator.ActiveCfg = Release|Any CPU
		{BD0D9DE7-313A-4441-A6C3-061B07C51050}.Release|iPhoneSimulator.Build.0 = Release|Any CPU
		{BD0D9DE7-313A-4441-A6C3-061B07C51050}.Release|iPhoneSimulator.Deploy.0 = Release|Any CPU
		{44A6F943-6CE4-4EA9-A69A-998C7C21EB85}.Debug|Any CPU.ActiveCfg = Debug|iPhone
		{44A6F943-6CE4-4EA9-A69A-998C7C21EB85}.Debug|Any CPU.Build.0 = Debug|iPhone
		{44A6F943-6CE4-4EA9-A69A-998C7C21EB85}.Debug|Any CPU.Deploy.0 = Debug|iPhone
		{44A6F943-6CE4-4EA9-A69A-998C7C21EB85}.Debug|iPhone.ActiveCfg = Debug|iPhone
		{44A6F943-6CE4-4EA9-A69A-998C7C21EB85}.Debug|iPhone.Build.0 = Debug|iPhone
		{44A6F943-6CE4-4EA9-A69A-998C7C21EB85}.Debug|iPhone.Deploy.0 = Debug|iPhone
		{44A6F943-6CE4-4EA9-A69A-998C7C21EB85}.Debug|iPhoneSimulator.ActiveCfg = Debug|iPhoneSimulator
		{44A6F943-6CE4-4EA9-A69A-998C7C21EB85}.Debug|iPhoneSimulator.Build.0 = Debug|iPhoneSimulator
		{44A6F943-6CE4-4EA9-A69A-998C7C21EB85}.Debug|iPhoneSimulator.Deploy.0 = Debug|iPhoneSimulator
		{44A6F943-6CE4-4EA9-A69A-998C7C21EB85}.Release|Any CPU.ActiveCfg = Release|iPhone
		{44A6F943-6CE4-4EA9-A69A-998C7C21EB85}.Release|Any CPU.Build.0 = Release|iPhone
		{44A6F943-6CE4-4EA9-A69A-998C7C21EB85}.Release|Any CPU.Deploy.0 = Release|iPhone
		{44A6F943-6CE4-4EA9-A69A-998C7C21EB85}.Release|iPhone.ActiveCfg = Release|iPhone
		{44A6F943-6CE4-4EA9-A69A-998C7C21EB85}.Release|iPhone.Build.0 = Release|iPhone
		{44A6F943-6CE4-4EA9-A69A-998C7C21EB85}.Release|iPhone.Deploy.0 = Release|iPhone
		{44A6F943-6CE4-4EA9-A69A-998C7C21EB85}.Release|iPhoneSimulator.ActiveCfg = Release|iPhoneSimulator
		{44A6F943-6CE4-4EA9-A69A-998C7C21EB85}.Release|iPhoneSimulator.Build.0 = Release|iPhoneSimulator
		{44A6F943-6CE4-4EA9-A69A-998C7C21EB85}.Release|iPhoneSimulator.Deploy.0 = Release|iPhoneSimulator
		{5DE57DB1-5DB2-4EED-BF22-BDE40CDA6EDD}.Debug|Any CPU.ActiveCfg = Debug|Any CPU
		{5DE57DB1-5DB2-4EED-BF22-BDE40CDA6EDD}.Debug|Any CPU.Build.0 = Debug|Any CPU
		{5DE57DB1-5DB2-4EED-BF22-BDE40CDA6EDD}.Debug|Any CPU.Deploy.0 = Debug|Any CPU
		{5DE57DB1-5DB2-4EED-BF22-BDE40CDA6EDD}.Debug|iPhone.ActiveCfg = Debug|Any CPU
		{5DE57DB1-5DB2-4EED-BF22-BDE40CDA6EDD}.Debug|iPhone.Build.0 = Debug|Any CPU
		{5DE57DB1-5DB2-4EED-BF22-BDE40CDA6EDD}.Debug|iPhone.Deploy.0 = Debug|Any CPU
		{5DE57DB1-5DB2-4EED-BF22-BDE40CDA6EDD}.Debug|iPhoneSimulator.ActiveCfg = Debug|Any CPU
		{5DE57DB1-5DB2-4EED-BF22-BDE40CDA6EDD}.Debug|iPhoneSimulator.Build.0 = Debug|Any CPU
		{5DE57DB1-5DB2-4EED-BF22-BDE40CDA6EDD}.Debug|iPhoneSimulator.Deploy.0 = Debug|Any CPU
		{5DE57DB1-5DB2-4EED-BF22-BDE40CDA6EDD}.Release|Any CPU.ActiveCfg = Release|Any CPU
		{5DE57DB1-5DB2-4EED-BF22-BDE40CDA6EDD}.Release|Any CPU.Build.0 = Release|Any CPU
		{5DE57DB1-5DB2-4EED-BF22-BDE40CDA6EDD}.Release|Any CPU.Deploy.0 = Release|Any CPU
		{5DE57DB1-5DB2-4EED-BF22-BDE40CDA6EDD}.Release|iPhone.ActiveCfg = Release|Any CPU
		{5DE57DB1-5DB2-4EED-BF22-BDE40CDA6EDD}.Release|iPhone.Build.0 = Release|Any CPU
		{5DE57DB1-5DB2-4EED-BF22-BDE40CDA6EDD}.Release|iPhone.Deploy.0 = Release|Any CPU
		{5DE57DB1-5DB2-4EED-BF22-BDE40CDA6EDD}.Release|iPhoneSimulator.ActiveCfg = Release|Any CPU
		{5DE57DB1-5DB2-4EED-BF22-BDE40CDA6EDD}.Release|iPhoneSimulator.Build.0 = Release|Any CPU
		{5DE57DB1-5DB2-4EED-BF22-BDE40CDA6EDD}.Release|iPhoneSimulator.Deploy.0 = Release|Any CPU
	EndGlobalSection
	GlobalSection(SolutionProperties) = preSolution
		HideSolutionNode = FALSE
	EndGlobalSection
	GlobalSection(ExtensibilityGlobals) = postSolution
		SolutionGuid = {88C18BE9-739C-43CF-969E-2F6153A46AA9}
	EndGlobalSection
EndGlobal
